// !$*UTF8*$!
{
	archiveVersion = 1;
	classes = {
	};
	objectVersion = 50;
	objects = {

/* Begin PBXBuildFile section */
		A0313DA124381D050063B35A /* AppDelegate.swift in Sources */ = {isa = PBXBuildFile; fileRef = A0313DA024381D050063B35A /* AppDelegate.swift */; };
		A0313DA324381D050063B35A /* SceneDelegate.swift in Sources */ = {isa = PBXBuildFile; fileRef = A0313DA224381D050063B35A /* SceneDelegate.swift */; };
		A0313DA524381D050063B35A /* ViewController.swift in Sources */ = {isa = PBXBuildFile; fileRef = A0313DA424381D050063B35A /* ViewController.swift */; };
		A0313DA824381D050063B35A /* Main.storyboard in Resources */ = {isa = PBXBuildFile; fileRef = A0313DA624381D050063B35A /* Main.storyboard */; };
		A0313DAB24381D050063B35A /* bookstore.xcdatamodeld in Sources */ = {isa = PBXBuildFile; fileRef = A0313DA924381D050063B35A /* bookstore.xcdatamodeld */; };
		A0313DAD24381D080063B35A /* Assets.xcassets in Resources */ = {isa = PBXBuildFile; fileRef = A0313DAC24381D080063B35A /* Assets.xcassets */; };
		A0313DB024381D080063B35A /* LaunchScreen.storyboard in Resources */ = {isa = PBXBuildFile; fileRef = A0313DAE24381D080063B35A /* LaunchScreen.storyboard */; };
/* End PBXBuildFile section */

/* Begin PBXFileReference section */
		A0313D9D24381D050063B35A /* bookstore.app */ = {isa = PBXFileReference; explicitFileType = wrapper.application; includeInIndex = 0; path = bookstore.app; sourceTree = BUILT_PRODUCTS_DIR; };
		A0313DA024381D050063B35A /* AppDelegate.swift */ = {isa = PBXFileReference; lastKnownFileType = sourcecode.swift; path = AppDelegate.swift; sourceTree = "<group>"; };
		A0313DA224381D050063B35A /* SceneDelegate.swift */ = {isa = PBXFileReference; lastKnownFileType = sourcecode.swift; path = SceneDelegate.swift; sourceTree = "<group>"; };
		A0313DA424381D050063B35A /* ViewController.swift */ = {isa = PBXFileReference; lastKnownFileType = sourcecode.swift; path = ViewController.swift; sourceTree = "<group>"; };
		A0313DA724381D050063B35A /* Base */ = {isa = PBXFileReference; lastKnownFileType = file.storyboard; name = Base; path = Base.lproj/Main.storyboard; sourceTree = "<group>"; };
		A0313DAA24381D050063B35A /* bookstore.xcdatamodel */ = {isa = PBXFileReference; lastKnownFileType = wrapper.xcdatamodel; path = bookstore.xcdatamodel; sourceTree = "<group>"; };
		A0313DAC24381D080063B35A /* Assets.xcassets */ = {isa = PBXFileReference; lastKnownFileType = folder.assetcatalog; path = Assets.xcassets; sourceTree = "<group>"; };
		A0313DAF24381D080063B35A /* Base */ = {isa = PBXFileReference; lastKnownFileType = file.storyboard; name = Base; path = Base.lproj/LaunchScreen.storyboard; sourceTree = "<group>"; };
		A0313DB124381D080063B35A /* Info.plist */ = {isa = PBXFileReference; lastKnownFileType = text.plist.xml; path = Info.plist; sourceTree = "<group>"; };
/* End PBXFileReference section */

/* Begin PBXFrameworksBuildPhase section */
		A0313D9A24381D050063B35A /* Frameworks */ = {
			isa = PBXFrameworksBuildPhase;
			buildActionMask = 2147483647;
			files = (
			);
			runOnlyForDeploymentPostprocessing = 0;
		};
/* End PBXFrameworksBuildPhase section */

/* Begin PBXGroup section */
		A0313D9424381D050063B35A = {
			isa = PBXGroup;
			children = (
				A0313D9F24381D050063B35A /* bookstore */,
				A0313D9E24381D050063B35A /* Products */,
			);
			sourceTree = "<group>";
		};
		A0313D9E24381D050063B35A /* Products */ = {
			isa = PBXGroup;
			children = (
				A0313D9D24381D050063B35A /* bookstore.app */,
			);
			name = Products;
			sourceTree = "<group>";
		};
		A0313D9F24381D050063B35A /* bookstore */ = {
			isa = PBXGroup;
			children = (
				A0313DA024381D050063B35A /* AppDelegate.swift */,
				A0313DA224381D050063B35A /* SceneDelegate.swift */,
				A0313DA424381D050063B35A /* ViewController.swift */,
				A0313DA624381D050063B35A /* Main.storyboard */,
				A0313DAC24381D080063B35A /* Assets.xcassets */,
				A0313DAE24381D080063B35A /* LaunchScreen.storyboard */,
				A0313DB124381D080063B35A /* Info.plist */,
				A0313DA924381D050063B35A /* bookstore.xcdatamodeld */,
			);
			path = bookstore;
			sourceTree = "<group>";
		};
/* End PBXGroup section */

/* Begin PBXNativeTarget section */
		A0313D9C24381D050063B35A /* bookstore */ = {
			isa = PBXNativeTarget;
			buildConfigurationList = A0313DB424381D080063B35A /* Build configuration list for PBXNativeTarget "bookstore" */;
			buildPhases = (
				A0313D9924381D050063B35A /* Sources */,
				A0313D9A24381D050063B35A /* Frameworks */,
				A0313D9B24381D050063B35A /* Resources */,
			);
			buildRules = (
			);
			dependencies = (
			);
			name = bookstore;
			productName = bookstore;
			productReference = A0313D9D24381D050063B35A /* bookstore.app */;
			productType = "com.apple.product-type.application";
		};
/* End PBXNativeTarget section */

/* Begin PBXProject section */
		A0313D9524381D050063B35A /* Project object */ = {
			isa = PBXProject;
			attributes = {
				LastSwiftUpdateCheck = 1140;
				LastUpgradeCheck = 1140;
				ORGANIZATIONNAME = Tec;
				TargetAttributes = {
					A0313D9C24381D050063B35A = {
						CreatedOnToolsVersion = 11.4;
					};
				};
			};
			buildConfigurationList = A0313D9824381D050063B35A /* Build configuration list for PBXProject "bookstore" */;
			compatibilityVersion = "Xcode 9.3";
			developmentRegion = en;
			hasScannedForEncodings = 0;
			knownRegions = (
				en,
				Base,
			);
			mainGroup = A0313D9424381D050063B35A;
			productRefGroup = A0313D9E24381D050063B35A /* Products */;
			projectDirPath = "";
			projectRoot = "";
			targets = (
				A0313D9C24381D050063B35A /* bookstore */,
			);
		};
/* End PBXProject section */

/* Begin PBXResourcesBuildPhase section */
		A0313D9B24381D050063B35A /* Resources */ = {
			isa = PBXResourcesBuildPhase;
			buildActionMask = 2147483647;
			files = (
				A0313DB024381D080063B35A /* LaunchScreen.storyboard in Resources */,
				A0313DAD24381D080063B35A /* Assets.xcassets in Resources */,
				A0313DA824381D050063B35A /* Main.storyboard in Resources */,
			);
			runOnlyForDeploymentPostprocessing = 0;
		};
/* End PBXResourcesBuildPhase section */

/* Begin PBXSourcesBuildPhase section */
		A0313D9924381D050063B35A /* Sources */ = {
			isa = PBXSourcesBuildPhase;
			buildActionMask = 2147483647;
			files = (
				A0313DA524381D050063B35A /* ViewController.swift in Sources */,
				A0313DA124381D050063B35A /* AppDelegate.swift in Sources */,
				A0313DAB24381D050063B35A /* bookstore.xcdatamodeld in Sources */,
				A0313DA324381D050063B35A /* SceneDelegate.swift in Sources */,
			);
			runOnlyForDeploymentPostprocessing = 0;
		};
/* End PBXSourcesBuildPhase section */

/* Begin PBXVariantGroup section */
		A0313DA624381D050063B35A /* Main.storyboard */ = {
			isa = PBXVariantGroup;
			children = (
				A0313DA724381D050063B35A /* Base */,
			);
			name = Main.storyboard;
			sourceTree = "<group>";
		};
		A0313DAE24381D080063B35A /* LaunchScreen.storyboard */ = {
			isa = PBXVariantGroup;
			children = (
				A0313DAF24381D080063B35A /* Base */,
			);
			name = LaunchScreen.storyboard;
			sourceTree = "<group>";
		};
/* End PBXVariantGroup section */

/* Begin XCBuildConfiguration section */
		A0313DB224381D080063B35A /* Debug */ = {
			isa = XCBuildConfiguration;
			buildSettings = {
				ALWAYS_SEARCH_USER_PATHS = NO;
				CLANG_ANALYZER_NONNULL = YES;
				CLANG_ANALYZER_NUMBER_OBJECT_CONVERSION = YES_AGGRESSIVE;
				CLANG_CXX_LANGUAGE_STANDARD = "gnu++14";
				CLANG_CXX_LIBRARY = "libc++";
				CLANG_ENABLE_MODULES = YES;
				CLANG_ENABLE_OBJC_ARC = YES;
				CLANG_ENABLE_OBJC_WEAK = YES;
				CLANG_WARN_BLOCK_CAPTURE_AUTORELEASING = YES;
				CLANG_WARN_BOOL_CONVERSION = YES;
				CLANG_WARN_COMMA = YES;
				CLANG_WARN_CONSTANT_CONVERSION = YES;
				CLANG_WARN_DEPRECATED_OBJC_IMPLEMENTATIONS = YES;
				CLANG_WARN_DIRECT_OBJC_ISA_USAGE = YES_ERROR;
				CLANG_WARN_DOCUMENTATION_COMMENTS = YES;
				CLANG_WARN_EMPTY_BODY = YES;
				CLANG_WARN_ENUM_CONVERSION = YES;
				CLANG_WARN_INFINITE_RECURSION = YES;
				CLANG_WARN_INT_CONVERSION = YES;
				CLANG_WARN_NON_LITERAL_NULL_CONVERSION = YES;
				CLANG_WARN_OBJC_IMPLICIT_RETAIN_SELF = YES;
				CLANG_WARN_OBJC_LITERAL_CONVERSION = YES;
				CLANG_WARN_OBJC_ROOT_CLASS = YES_ERROR;
				CLANG_WARN_RANGE_LOOP_ANALYSIS = YES;
				CLANG_WARN_STRICT_PROTOTYPES = YES;
				CLANG_WARN_SUSPICIOUS_MOVE = YES;
				CLANG_WARN_UNGUARDED_AVAILABILITY = YES_AGGRESSIVE;
				CLANG_WARN_UNREACHABLE_CODE = YES;
				CLANG_WARN__DUPLICATE_METHOD_MATCH = YES;
				COPY_PHASE_STRIP = NO;
				DEBUG_INFORMATION_FORMAT = dwarf;
				ENABLE_STRICT_OBJC_MSGSEND = YES;
				ENABLE_TESTABILITY = YES;
				GCC_C_LANGUAGE_STANDARD = gnu11;
				GCC_DYNAMIC_NO_PIC = NO;
				GCC_NO_COMMON_BLOCKS = YES;
				GCC_OPTIMIZATION_LEVEL = 0;
				GCC_PREPROCESSOR_DEFINITIONS = (
					"DEBUG=1",
					"$(inherited)",
				);
				GCC_WARN_64_TO_32_BIT_CONVERSION = YES;
				GCC_WARN_ABOUT_RETURN_TYPE = YES_ERROR;
				GCC_WARN_UNDECLARED_SELECTOR = YES;
				GCC_WARN_UNINITIALIZED_AUTOS = YES_AGGRESSIVE;
				GCC_WARN_UNUSED_FUNCTION = YES;
				GCC_WARN_UNUSED_VARIABLE = YES;
				IPHONEOS_DEPLOYMENT_TARGET = 13.4;
				MTL_ENABLE_DEBUG_INFO = INCLUDE_SOURCE;
				MTL_FAST_MATH = YES;
				ONLY_ACTIVE_ARCH = YES;
				SDKROOT = iphoneos;
				SWIFT_ACTIVE_COMPILATION_CONDITIONS = DEBUG;
				SWIFT_OPTIMIZATION_LEVEL = "-Onone";
			};
			name = Debug;
		};
		A0313DB324381D080063B35A /* Release */ = {
			isa = XCBuildConfiguration;
			buildSettings = {
				ALWAYS_SEARCH_USER_PATHS = NO;
				CLANG_ANALYZER_NONNULL = YES;
				CLANG_ANALYZER_NUMBER_OBJECT_CONVERSION = YES_AGGRESSIVE;
				CLANG_CXX_LANGUAGE_STANDARD = "gnu++14";
				CLANG_CXX_LIBRARY = "libc++";
				CLANG_ENABLE_MODULES = YES;
				CLANG_ENABLE_OBJC_ARC = YES;
				CLANG_ENABLE_OBJC_WEAK = YES;
				CLANG_WARN_BLOCK_CAPTURE_AUTORELEASING = YES;
				CLANG_WARN_BOOL_CONVERSION = YES;
				CLANG_WARN_COMMA = YES;
				CLANG_WARN_CONSTANT_CONVERSION = YES;
				CLANG_WARN_DEPRECATED_OBJC_IMPLEMENTATIONS = YES;
				CLANG_WARN_DIRECT_OBJC_ISA_USAGE = YES_ERROR;
				CLANG_WARN_DOCUMENTATION_COMMENTS = YES;
				CLANG_WARN_EMPTY_BODY = YES;
				CLANG_WARN_ENUM_CONVERSION = YES;
				CLANG_WARN_INFINITE_RECURSION = YES;
				CLANG_WARN_INT_CONVERSION = YES;
				CLANG_WARN_NON_LITERAL_NULL_CONVERSION = YES;
				CLANG_WARN_OBJC_IMPLICIT_RETAIN_SELF = YES;
				CLANG_WARN_OBJC_LITERAL_CONVERSION = YES;
				CLANG_WARN_OBJC_ROOT_CLASS = YES_ERROR;
				CLANG_WARN_RANGE_LOOP_ANALYSIS = YES;
				CLANG_WARN_STRICT_PROTOTYPES = YES;
				CLANG_WARN_SUSPICIOUS_MOVE = YES;
				CLANG_WARN_UNGUARDED_AVAILABILITY = YES_AGGRESSIVE;
				CLANG_WARN_UNREACHABLE_CODE = YES;
				CLANG_WARN__DUPLICATE_METHOD_MATCH = YES;
				COPY_PHASE_STRIP = NO;
				DEBUG_INFORMATION_FORMAT = "dwarf-with-dsym";
				ENABLE_NS_ASSERTIONS = NO;
				ENABLE_STRICT_OBJC_MSGSEND = YES;
				GCC_C_LANGUAGE_STANDARD = gnu11;
				GCC_NO_COMMON_BLOCKS = YES;
				GCC_WARN_64_TO_32_BIT_CONVERSION = YES;
				GCC_WARN_ABOUT_RETURN_TYPE = YES_ERROR;
				GCC_WARN_UNDECLARED_SELECTOR = YES;
				GCC_WARN_UNINITIALIZED_AUTOS = YES_AGGRESSIVE;
				GCC_WARN_UNUSED_FUNCTION = YES;
				GCC_WARN_UNUSED_VARIABLE = YES;
				IPHONEOS_DEPLOYMENT_TARGET = 13.4;
				MTL_ENABLE_DEBUG_INFO = NO;
				MTL_FAST_MATH = YES;
				SDKROOT = iphoneos;
				SWIFT_COMPILATION_MODE = wholemodule;
				SWIFT_OPTIMIZATION_LEVEL = "-O";
				VALIDATE_PRODUCT = YES;
			};
			name = Release;
		};
		A0313DB524381D080063B35A /* Debug */ = {
			isa = XCBuildConfiguration;
			buildSettings = {
				ASSETCATALOG_COMPILER_APPICON_NAME = AppIcon;
				CODE_SIGN_STYLE = Automatic;
				INFOPLIST_FILE = bookstore/Info.plist;
				LD_RUNPATH_SEARCH_PATHS = (
					"$(inherited)",
					"@executable_path/Frameworks",
				);
				PRODUCT_BUNDLE_IDENTIFIER = com.tec.bookstore;
				PRODUCT_NAME = "$(TARGET_NAME)";
				SWIFT_VERSION = 5.0;
				TARGETED_DEVICE_FAMILY = "1,2";
			};
			name = Debug;
		};
		A0313DB624381D080063B35A /* Release */ = {
			isa = XCBuildConfiguration;
			buildSettings = {
				ASSETCATALOG_COMPILER_APPICON_NAME = AppIcon;
				CODE_SIGN_STYLE = Automatic;
				INFOPLIST_FILE = bookstore/Info.plist;
				LD_RUNPATH_SEARCH_PATHS = (
					"$(inherited)",
					"@executable_path/Frameworks",
				);
				PRODUCT_BUNDLE_IDENTIFIER = com.tec.bookstore;
				PRODUCT_NAME = "$(TARGET_NAME)";
				SWIFT_VERSION = 5.0;
				TARGETED_DEVICE_FAMILY = "1,2";
			};
			name = Release;
		};
/* End XCBuildConfiguration section */

/* Begin XCConfigurationList section */
		A0313D9824381D050063B35A /* Build configuration list for PBXProject "bookstore" */ = {
			isa = XCConfigurationList;
			buildConfigurations = (
				A0313DB224381D080063B35A /* Debug */,
				A0313DB324381D080063B35A /* Release */,
			);
			defaultConfigurationIsVisible = 0;
			defaultConfigurationName = Release;
		};
		A0313DB424381D080063B35A /* Build configuration list for PBXNativeTarget "bookstore" */ = {
			isa = XCConfigurationList;
			buildConfigurations = (
				A0313DB524381D080063B35A /* Debug */,
				A0313DB624381D080063B35A /* Release */,
			);
			defaultConfigurationIsVisible = 0;
			defaultConfigurationName = Release;
		};
/* End XCConfigurationList section */

/* Begin XCVersionGroup section */
		A0313DA924381D050063B35A /* bookstore.xcdatamodeld */ = {
			isa = XCVersionGroup;
			children = (
				A0313DAA24381D050063B35A /* bookstore.xcdatamodel */,
			);
			currentVersion = A0313DAA24381D050063B35A /* bookstore.xcdatamodel */;
			path = bookstore.xcdatamodeld;
			sourceTree = "<group>";
			versionGroupType = wrapper.xcdatamodel;
		};
/* End XCVersionGroup section */
	};
	rootObject = A0313D9524381D050063B35A /* Project object */;
}
